
Microsoft Visual Studio Solution File, Format Version 12.00
# Visual Studio 14
VisualStudioVersion = 14.0.25123.0
MinimumVisualStudioVersion = 10.0.40219.1
Project("{FAE04EC0-301F-11D3-BF4B-00C04F79EFBC}") = "Commons", "Commons\Commons.csproj", "{22D31429-A73C-416A-A40C-3ED5AD7937E7}"
EndProject
Project("{FAE04EC0-301F-11D3-BF4B-00C04F79EFBC}") = "Commons.Implementation", "Commons.Implementation\Commons.Implementation.csproj", "{DCC13A7C-B94B-4D6E-B74E-A58881DC2157}"
EndProject
Project("{2150E333-8FDC-42A3-9474-1A3956D46DE8}") = "Cqrs", "Cqrs", "{F72EF59D-F9CE-4B41-BA46-93D4647B3A0C}"
EndProject
Project("{FAE04EC0-301F-11D3-BF4B-00C04F79EFBC}") = "TasksManager.Api", "Cqrs.Api\TasksManager.Api.csproj", "{788E5090-73ED-4B52-9728-5EF13D744A57}"
EndProject
Project("{FAE04EC0-301F-11D3-BF4B-00C04F79EFBC}") = "TasksManager.UnitTests", "Cqrs.UnitTests\TasksManager.UnitTests.csproj", "{8EDF4429-251A-416D-BB68-93F227191BCF}"
EndProject
Project("{2150E333-8FDC-42A3-9474-1A3956D46DE8}") = "Infrastructure", "Infrastructure", "{496FFD8B-57DF-41F7-A0B0-AAD3CFAED46B}"
EndProject
Project("{FAE04EC0-301F-11D3-BF4B-00C04F79EFBC}") = "Cqrs.Infrastructure", "Cqrs.Infrastructure\Cqrs.Infrastructure.csproj", "{E4108A43-2067-449C-B98D-470ECD8FD619}"
EndProject
Project("{FAE04EC0-301F-11D3-BF4B-00C04F79EFBC}") = "Cqrs.Infrastructure.Implementation", "Cqrs.Infrastructure.Implementation\Cqrs.Infrastructure.Implementation.csproj", "{42FF3B2E-A96E-4958-9FD7-41821B6A19A7}"
EndProject
Project("{2150E333-8FDC-42A3-9474-1A3956D46DE8}") = "TasksManager", "TasksManager", "{E22884EA-2DD9-4B25-8C9B-DB9BB1EE599F}"
EndProject
Project("{FAE04EC0-301F-11D3-BF4B-00C04F79EFBC}") = "TasksManager.Implementation", "TasksManager.Implementation\TasksManager.Implementation.csproj", "{5A594701-4B8A-4040-BAF2-6B83E5A72F36}"
EndProject
Project("{FAE04EC0-301F-11D3-BF4B-00C04F79EFBC}") = "Commons.Repositories", "Commons.Repositories\Commons.Repositories.csproj", "{6736B05B-BE32-4FFA-8BE9-940C285D4605}"
EndProject
Project("{FAE04EC0-301F-11D3-BF4B-00C04F79EFBC}") = "TasksManager", "TasksManager\TasksManager.csproj", "{E96FC6DD-3029-416B-B85F-D66289327E6F}"
EndProject
Project("{FAE04EC0-301F-11D3-BF4B-00C04F79EFBC}") = "Commons.Buses", "Commons.Buses\Commons.Buses.csproj", "{6792CF7F-39CD-42FB-A3C2-0E631EC229CB}"
EndProject
Project("{FAE04EC0-301F-11D3-BF4B-00C04F79EFBC}") = "Commons.Tests", "Commons.Tests\Commons.Tests.csproj", "{D163363D-4A6B-47FC-93B5-E85FABB281CA}"
EndProject
Global
	GlobalSection(SolutionConfigurationPlatforms) = preSolution
		Debug|Any CPU = Debug|Any CPU
		Release|Any CPU = Release|Any CPU
	EndGlobalSection
	GlobalSection(ProjectConfigurationPlatforms) = postSolution
		{22D31429-A73C-416A-A40C-3ED5AD7937E7}.Debug|Any CPU.ActiveCfg = Debug|Any CPU
		{22D31429-A73C-416A-A40C-3ED5AD7937E7}.Debug|Any CPU.Build.0 = Debug|Any CPU
		{22D31429-A73C-416A-A40C-3ED5AD7937E7}.Release|Any CPU.ActiveCfg = Release|Any CPU
		{22D31429-A73C-416A-A40C-3ED5AD7937E7}.Release|Any CPU.Build.0 = Release|Any CPU
		{DCC13A7C-B94B-4D6E-B74E-A58881DC2157}.Debug|Any CPU.ActiveCfg = Debug|Any CPU
		{DCC13A7C-B94B-4D6E-B74E-A58881DC2157}.Debug|Any CPU.Build.0 = Debug|Any CPU
		{DCC13A7C-B94B-4D6E-B74E-A58881DC2157}.Release|Any CPU.ActiveCfg = Release|Any CPU
		{DCC13A7C-B94B-4D6E-B74E-A58881DC2157}.Release|Any CPU.Build.0 = Release|Any CPU
		{788E5090-73ED-4B52-9728-5EF13D744A57}.Debug|Any CPU.ActiveCfg = Debug|Any CPU
		{788E5090-73ED-4B52-9728-5EF13D744A57}.Debug|Any CPU.Build.0 = Debug|Any CPU
		{788E5090-73ED-4B52-9728-5EF13D744A57}.Release|Any CPU.ActiveCfg = Release|Any CPU
		{788E5090-73ED-4B52-9728-5EF13D744A57}.Release|Any CPU.Build.0 = Release|Any CPU
		{8EDF4429-251A-416D-BB68-93F227191BCF}.Debug|Any CPU.ActiveCfg = Debug|Any CPU
		{8EDF4429-251A-416D-BB68-93F227191BCF}.Debug|Any CPU.Build.0 = Debug|Any CPU
		{8EDF4429-251A-416D-BB68-93F227191BCF}.Release|Any CPU.ActiveCfg = Release|Any CPU
		{8EDF4429-251A-416D-BB68-93F227191BCF}.Release|Any CPU.Build.0 = Release|Any CPU
		{E4108A43-2067-449C-B98D-470ECD8FD619}.Debug|Any CPU.ActiveCfg = Debug|Any CPU
		{E4108A43-2067-449C-B98D-470ECD8FD619}.Debug|Any CPU.Build.0 = Debug|Any CPU
		{E4108A43-2067-449C-B98D-470ECD8FD619}.Release|Any CPU.ActiveCfg = Release|Any CPU
		{E4108A43-2067-449C-B98D-470ECD8FD619}.Release|Any CPU.Build.0 = Release|Any CPU
		{42FF3B2E-A96E-4958-9FD7-41821B6A19A7}.Debug|Any CPU.ActiveCfg = Debug|Any CPU
		{42FF3B2E-A96E-4958-9FD7-41821B6A19A7}.Debug|Any CPU.Build.0 = Debug|Any CPU
		{42FF3B2E-A96E-4958-9FD7-41821B6A19A7}.Release|Any CPU.ActiveCfg = Release|Any CPU
		{42FF3B2E-A96E-4958-9FD7-41821B6A19A7}.Release|Any CPU.Build.0 = Release|Any CPU
		{5A594701-4B8A-4040-BAF2-6B83E5A72F36}.Debug|Any CPU.ActiveCfg = Debug|Any CPU
		{5A594701-4B8A-4040-BAF2-6B83E5A72F36}.Debug|Any CPU.Build.0 = Debug|Any CPU
		{5A594701-4B8A-4040-BAF2-6B83E5A72F36}.Release|Any CPU.ActiveCfg = Release|Any CPU
		{5A594701-4B8A-4040-BAF2-6B83E5A72F36}.Release|Any CPU.Build.0 = Release|Any CPU
		{6736B05B-BE32-4FFA-8BE9-940C285D4605}.Debug|Any CPU.ActiveCfg = Debug|Any CPU
		{6736B05B-BE32-4FFA-8BE9-940C285D4605}.Debug|Any CPU.Build.0 = Debug|Any CPU
		{6736B05B-BE32-4FFA-8BE9-940C285D4605}.Release|Any CPU.ActiveCfg = Release|Any CPU
		{6736B05B-BE32-4FFA-8BE9-940C285D4605}.Release|Any CPU.Build.0 = Release|Any CPU
		{E96FC6DD-3029-416B-B85F-D66289327E6F}.Debug|Any CPU.ActiveCfg = Debug|Any CPU
		{E96FC6DD-3029-416B-B85F-D66289327E6F}.Debug|Any CPU.Build.0 = Debug|Any CPU
		{E96FC6DD-3029-416B-B85F-D66289327E6F}.Release|Any CPU.ActiveCfg = Release|Any CPU
		{E96FC6DD-3029-416B-B85F-D66289327E6F}.Release|Any CPU.Build.0 = Release|Any CPU
		{6792CF7F-39CD-42FB-A3C2-0E631EC229CB}.Debug|Any CPU.ActiveCfg = Debug|Any CPU
		{6792CF7F-39CD-42FB-A3C2-0E631EC229CB}.Debug|Any CPU.Build.0 = Debug|Any CPU
		{6792CF7F-39CD-42FB-A3C2-0E631EC229CB}.Release|Any CPU.ActiveCfg = Release|Any CPU
		{6792CF7F-39CD-42FB-A3C2-0E631EC229CB}.Release|Any CPU.Build.0 = Release|Any CPU
		{D163363D-4A6B-47FC-93B5-E85FABB281CA}.Debug|Any CPU.ActiveCfg = Debug|Any CPU
		{D163363D-4A6B-47FC-93B5-E85FABB281CA}.Debug|Any CPU.Build.0 = Debug|Any CPU
		{D163363D-4A6B-47FC-93B5-E85FABB281CA}.Release|Any CPU.ActiveCfg = Release|Any CPU
		{D163363D-4A6B-47FC-93B5-E85FABB281CA}.Release|Any CPU.Build.0 = Release|Any CPU
	EndGlobalSection
	GlobalSection(SolutionProperties) = preSolution
		HideSolutionNode = FALSE
	EndGlobalSection
	GlobalSection(NestedProjects) = preSolution
		{22D31429-A73C-416A-A40C-3ED5AD7937E7} = {496FFD8B-57DF-41F7-A0B0-AAD3CFAED46B}
		{DCC13A7C-B94B-4D6E-B74E-A58881DC2157} = {496FFD8B-57DF-41F7-A0B0-AAD3CFAED46B}
		{788E5090-73ED-4B52-9728-5EF13D744A57} = {E22884EA-2DD9-4B25-8C9B-DB9BB1EE599F}
		{8EDF4429-251A-416D-BB68-93F227191BCF} = {E22884EA-2DD9-4B25-8C9B-DB9BB1EE599F}
		{E4108A43-2067-449C-B98D-470ECD8FD619} = {F72EF59D-F9CE-4B41-BA46-93D4647B3A0C}
		{42FF3B2E-A96E-4958-9FD7-41821B6A19A7} = {F72EF59D-F9CE-4B41-BA46-93D4647B3A0C}
		{5A594701-4B8A-4040-BAF2-6B83E5A72F36} = {E22884EA-2DD9-4B25-8C9B-DB9BB1EE599F}
		{6736B05B-BE32-4FFA-8BE9-940C285D4605} = {496FFD8B-57DF-41F7-A0B0-AAD3CFAED46B}
		{E96FC6DD-3029-416B-B85F-D66289327E6F} = {E22884EA-2DD9-4B25-8C9B-DB9BB1EE599F}
		{6792CF7F-39CD-42FB-A3C2-0E631EC229CB} = {496FFD8B-57DF-41F7-A0B0-AAD3CFAED46B}
		{D163363D-4A6B-47FC-93B5-E85FABB281CA} = {496FFD8B-57DF-41F7-A0B0-AAD3CFAED46B}
	EndGlobalSection
EndGlobal
