
Microsoft Visual Studio Solution File, Format Version 12.00
# Visual Studio Version 16
VisualStudioVersion = 16.0.29230.47
MinimumVisualStudioVersion = 10.0.40219.1
Project("{2150E333-8FDC-42A3-9474-1A3956D46DE8}") = "Infrastructure", "Infrastructure", "{48D02115-1F2C-448E-A627-530D2BDB41C5}"
EndProject
Project("{2150E333-8FDC-42A3-9474-1A3956D46DE8}") = "Cqrs-01-Write Models and Projection", "Cqrs-01-Write Models and Projection", "{999B9C66-8E41-4B6F-9CC2-1B934EFB0B4C}"
EndProject
Project("{9A19103F-16F7-4668-BE54-9A1E7A4F7556}") = "Crud.Lib", "Infrastructure\Crud.Lib\Crud.Lib.csproj", "{A8CF036C-804D-48A7-AB81-1531F35AE2E9}"
EndProject
Project("{9A19103F-16F7-4668-BE54-9A1E7A4F7556}") = "Bus.Lib", "Infrastructure\Bus.Lib\Bus.Lib.csproj", "{E73096D7-7ED0-41C1-B220-7B3E7A61AB8A}"
EndProject
Project("{9A19103F-16F7-4668-BE54-9A1E7A4F7556}") = "Scheduler.Lib", "Infrastructure\Scheduler.Lib\Scheduler.Lib.csproj", "{8CCD0DB0-35B0-4446-A15A-0648F5FB2CC0}"
EndProject
Project("{9A19103F-16F7-4668-BE54-9A1E7A4F7556}") = "InMemory.Lib", "Infrastructure\InMemory.Lib\InMemory.Lib.csproj", "{9D8D8375-FEAF-409E-B2D7-2BF61D0622CB}"
EndProject
Project("{FAE04EC0-301F-11D3-BF4B-00C04F79EFBC}") = "InMemory.Test", "Infrastructure\InMemory.Test\InMemory.Test.csproj", "{0F09C82D-7B15-48D9-AA6F-1B927329D14A}"
EndProject
Project("{9A19103F-16F7-4668-BE54-9A1E7A4F7556}") = "Cruise.Domain", "Cqrs-01\Cruise.Domain\Cruise.Domain.csproj", "{840F0917-7485-41F2-8E9B-3D94E1F4F4FA}"
EndProject
Project("{9A19103F-16F7-4668-BE54-9A1E7A4F7556}") = "Cruise.Shared", "Cqrs-01\Cruise.Shared\Cruise.Shared.csproj", "{C307F12E-7432-491D-8BBC-EC1C3BBB8490}"
EndProject
Project("{FAE04EC0-301F-11D3-BF4B-00C04F79EFBC}") = "Cqrs-01.Test", "Cqrs-01\Cqrs-01.Test\Cqrs-01.Test.csproj", "{3274BC6B-EC1A-407C-A7FA-EB7A042779CC}"
EndProject
Project("{2150E333-8FDC-42A3-9474-1A3956D46DE8}") = "Cqrs-02-Relationships and Value Objects", "Cqrs-02-Relationships and Value Objects", "{A512DDCF-C17E-46B9-9FEF-9D51947E43DE}"
EndProject
Project("{9A19103F-16F7-4668-BE54-9A1E7A4F7556}") = "Cruise.Projection", "Cqrs-01\Cruise.Projection\Cruise.Projection.csproj", "{3610B0B2-B18D-43F4-ADD1-200213F1A3C0}"
EndProject
Project("{9A19103F-16F7-4668-BE54-9A1E7A4F7556}") = "Invoice.Domain", "Cqrs-02\Invoice.Domain\Invoice.Domain.csproj", "{662C77E6-DA03-4E74-B8FF-45D87BC44231}"
EndProject
Project("{9A19103F-16F7-4668-BE54-9A1E7A4F7556}") = "Invoice.Shared", "Cqrs-02\Invoice.Shared\Invoice.Shared.csproj", "{5681F3AD-1D38-446E-B410-6680E0F97A25}"
EndProject
Project("{9A19103F-16F7-4668-BE54-9A1E7A4F7556}") = "Customer.Domain", "Cqrs-02\Customer.Domain\Customer.Domain.csproj", "{3331CF50-0128-4492-B4F2-0130AA2D52B1}"
EndProject
Project("{9A19103F-16F7-4668-BE54-9A1E7A4F7556}") = "Customer.Shared", "Cqrs-02\Customer.Shared\Customer.Shared.csproj", "{B01C7506-266D-4F11-AFA9-CA197CE4DF3B}"
EndProject
Project("{9A19103F-16F7-4668-BE54-9A1E7A4F7556}") = "Customer.Exposed", "Cqrs-02\Customer.Exposed\Customer.Exposed.csproj", "{02181281-7215-46CD-AB62-3BFA80626DEB}"
EndProject
Project("{9A19103F-16F7-4668-BE54-9A1E7A4F7556}") = "Invoice.Externals", "Cqrs-02\Invoice.Externals\Invoice.Externals.csproj", "{8B5744E9-99EC-400A-8563-736D03BCFCF5}"
EndProject
Project("{2150E333-8FDC-42A3-9474-1A3956D46DE8}") = "Cqrs-03-Distributed Transaction", "Cqrs-03-Distributed Transaction", "{4BD3F53D-7C09-4517-B877-8EDE6FDDE394}"
EndProject
Project("{9A19103F-16F7-4668-BE54-9A1E7A4F7556}") = "Purchase.Domain", "Cqrs-03\Purchase.Domain\Purchase.Domain.csproj", "{1F73C2C8-0D95-405F-BA2E-9FC1B885CB52}"
EndProject
Project("{9A19103F-16F7-4668-BE54-9A1E7A4F7556}") = "Purchase.Shared", "Cqrs-03\Purchase.Shared\Purchase.Shared.csproj", "{0A644A2A-19B4-42B4-A071-4A7AE5BEEA4D}"
EndProject
Project("{9A19103F-16F7-4668-BE54-9A1E7A4F7556}") = "PayPal.Shared", "Cqrs-03\PayPal.Shared\PayPal.Shared.csproj", "{C0CF70B7-7B95-4EDC-B68C-F8C149FC762E}"
EndProject
Project("{9A19103F-16F7-4668-BE54-9A1E7A4F7556}") = "Warehouse.Shared", "Cqrs-03\Warehouse.Shared\Warehouse.Shared.csproj", "{0C9F3F51-005A-4B4E-8544-3F9C56D1DD32}"
EndProject
Project("{FAE04EC0-301F-11D3-BF4B-00C04F79EFBC}") = "Cqrs-03.Test", "Cqrs-03\Cqrs-03.Test\Cqrs-03.Test.csproj", "{4A8AF835-29B5-48F4-A359-6C62A10ACDAF}"
EndProject
Project("{FAE04EC0-301F-11D3-BF4B-00C04F79EFBC}") = "Cqrs-02.Test", "Cqrs-02\Cqrs-02.Test\Cqrs-02.Test.csproj", "{4A8A9835-29B5-48F4-A359-6C62A10ACDAA}"
EndProject
Project("{2150E333-8FDC-42A3-9474-1A3956D46DE8}") = "Customer", "Customer", "{3826D09E-A4D8-4056-A2FA-2741B5286328}"
EndProject
Project("{2150E333-8FDC-42A3-9474-1A3956D46DE8}") = "Invoice", "Invoice", "{4E25984C-6510-4EEE-BC79-BCEB49ED4B62}"
EndProject
Project("{2150E333-8FDC-42A3-9474-1A3956D46DE8}") = "Purchase", "Purchase", "{077A1570-5953-42F7-A2AA-F64835507C6F}"
EndProject
Project("{FAE04EC0-301F-11D3-BF4B-00C04F79EFBC}") = "TestUtils", "Infrastructure\TestUtils\TestUtils.csproj", "{8A1EEF2D-7BDE-4FE1-9177-B9A47F06E961}"
EndProject
Project("{2150E333-8FDC-42A3-9474-1A3956D46DE8}") = "Cqrs-04-Red Pill", "Cqrs-04-Red Pill", "{B730616C-EFB1-40D0-9E0E-BDABEACAFA40}"
EndProject
Project("{9A19103F-16F7-4668-BE54-9A1E7A4F7556}") = "Real.Cruise.Shared", "Cqrs-04\Real.Cruise.Shared\Real.Cruise.Shared.csproj", "{72909784-A3AF-4C51-A276-7F26B1E763F1}"
EndProject
Project("{9A19103F-16F7-4668-BE54-9A1E7A4F7556}") = "Real.Cruise.Domain", "Cqrs-04\Real.Cruise.Domain\Real.Cruise.Domain.csproj", "{2C3C1E85-67C8-498F-9709-FDF695F375CA}"
EndProject
Project("{9A19103F-16F7-4668-BE54-9A1E7A4F7556}") = "Real.Cruise.Projection", "Cqrs-04\Real.Cruise.Projection\Real.Cruise.Projection.csproj", "{434E30AC-38B4-451A-8474-42C51D170A17}"
EndProject
Project("{FAE04EC0-301F-11D3-BF4B-00C04F79EFBC}") = "Cqrs-04.Test", "Cqrs-04\Cqrs-04.Test\Cqrs-04.Test.csproj", "{FF74BC6B-EC1A-407C-A7FA-EB7A042779CC}"
EndProject
Project("{9A19103F-16F7-4668-BE54-9A1E7A4F7556}") = "Real.Application", "Cqrs-04\Real.Application\Real.Application.csproj", "{1D6C4265-E6CC-4045-B5BF-D4D57D496642}"
EndProject
Project("{9A19103F-16F7-4668-BE54-9A1E7A4F7556}") = "NServiceBus.Extensions.DependencyInjection", "Cqrs-04\NServiceBus.Extensions.DependencyInjection\NServiceBus.Extensions.DependencyInjection.csproj", "{7B0FBCE6-7BB7-440A-80E9-7BF515D64815}"
EndProject
Global
	GlobalSection(SolutionConfigurationPlatforms) = preSolution
		Debug|Any CPU = Debug|Any CPU
		Release|Any CPU = Release|Any CPU
	EndGlobalSection
	GlobalSection(ProjectConfigurationPlatforms) = postSolution
		{A8CF036C-804D-48A7-AB81-1531F35AE2E9}.Debug|Any CPU.ActiveCfg = Debug|Any CPU
		{A8CF036C-804D-48A7-AB81-1531F35AE2E9}.Debug|Any CPU.Build.0 = Debug|Any CPU
		{A8CF036C-804D-48A7-AB81-1531F35AE2E9}.Release|Any CPU.ActiveCfg = Release|Any CPU
		{A8CF036C-804D-48A7-AB81-1531F35AE2E9}.Release|Any CPU.Build.0 = Release|Any CPU
		{E73096D7-7ED0-41C1-B220-7B3E7A61AB8A}.Debug|Any CPU.ActiveCfg = Debug|Any CPU
		{E73096D7-7ED0-41C1-B220-7B3E7A61AB8A}.Debug|Any CPU.Build.0 = Debug|Any CPU
		{E73096D7-7ED0-41C1-B220-7B3E7A61AB8A}.Release|Any CPU.ActiveCfg = Release|Any CPU
		{E73096D7-7ED0-41C1-B220-7B3E7A61AB8A}.Release|Any CPU.Build.0 = Release|Any CPU
		{8CCD0DB0-35B0-4446-A15A-0648F5FB2CC0}.Debug|Any CPU.ActiveCfg = Debug|Any CPU
		{8CCD0DB0-35B0-4446-A15A-0648F5FB2CC0}.Debug|Any CPU.Build.0 = Debug|Any CPU
		{8CCD0DB0-35B0-4446-A15A-0648F5FB2CC0}.Release|Any CPU.ActiveCfg = Release|Any CPU
		{8CCD0DB0-35B0-4446-A15A-0648F5FB2CC0}.Release|Any CPU.Build.0 = Release|Any CPU
		{9D8D8375-FEAF-409E-B2D7-2BF61D0622CB}.Debug|Any CPU.ActiveCfg = Debug|Any CPU
		{9D8D8375-FEAF-409E-B2D7-2BF61D0622CB}.Debug|Any CPU.Build.0 = Debug|Any CPU
		{9D8D8375-FEAF-409E-B2D7-2BF61D0622CB}.Release|Any CPU.ActiveCfg = Release|Any CPU
		{9D8D8375-FEAF-409E-B2D7-2BF61D0622CB}.Release|Any CPU.Build.0 = Release|Any CPU
		{0F09C82D-7B15-48D9-AA6F-1B927329D14A}.Debug|Any CPU.ActiveCfg = Debug|Any CPU
		{0F09C82D-7B15-48D9-AA6F-1B927329D14A}.Debug|Any CPU.Build.0 = Debug|Any CPU
		{0F09C82D-7B15-48D9-AA6F-1B927329D14A}.Release|Any CPU.ActiveCfg = Release|Any CPU
		{0F09C82D-7B15-48D9-AA6F-1B927329D14A}.Release|Any CPU.Build.0 = Release|Any CPU
		{840F0917-7485-41F2-8E9B-3D94E1F4F4FA}.Debug|Any CPU.ActiveCfg = Debug|Any CPU
		{840F0917-7485-41F2-8E9B-3D94E1F4F4FA}.Debug|Any CPU.Build.0 = Debug|Any CPU
		{840F0917-7485-41F2-8E9B-3D94E1F4F4FA}.Release|Any CPU.ActiveCfg = Release|Any CPU
		{840F0917-7485-41F2-8E9B-3D94E1F4F4FA}.Release|Any CPU.Build.0 = Release|Any CPU
		{C307F12E-7432-491D-8BBC-EC1C3BBB8490}.Debug|Any CPU.ActiveCfg = Debug|Any CPU
		{C307F12E-7432-491D-8BBC-EC1C3BBB8490}.Debug|Any CPU.Build.0 = Debug|Any CPU
		{C307F12E-7432-491D-8BBC-EC1C3BBB8490}.Release|Any CPU.ActiveCfg = Release|Any CPU
		{C307F12E-7432-491D-8BBC-EC1C3BBB8490}.Release|Any CPU.Build.0 = Release|Any CPU
		{3274BC6B-EC1A-407C-A7FA-EB7A042779CC}.Debug|Any CPU.ActiveCfg = Debug|Any CPU
		{3274BC6B-EC1A-407C-A7FA-EB7A042779CC}.Debug|Any CPU.Build.0 = Debug|Any CPU
		{3274BC6B-EC1A-407C-A7FA-EB7A042779CC}.Release|Any CPU.ActiveCfg = Release|Any CPU
		{3274BC6B-EC1A-407C-A7FA-EB7A042779CC}.Release|Any CPU.Build.0 = Release|Any CPU
		{3610B0B2-B18D-43F4-ADD1-200213F1A3C0}.Debug|Any CPU.ActiveCfg = Debug|Any CPU
		{3610B0B2-B18D-43F4-ADD1-200213F1A3C0}.Debug|Any CPU.Build.0 = Debug|Any CPU
		{3610B0B2-B18D-43F4-ADD1-200213F1A3C0}.Release|Any CPU.ActiveCfg = Release|Any CPU
		{3610B0B2-B18D-43F4-ADD1-200213F1A3C0}.Release|Any CPU.Build.0 = Release|Any CPU
		{662C77E6-DA03-4E74-B8FF-45D87BC44231}.Debug|Any CPU.ActiveCfg = Debug|Any CPU
		{662C77E6-DA03-4E74-B8FF-45D87BC44231}.Debug|Any CPU.Build.0 = Debug|Any CPU
		{662C77E6-DA03-4E74-B8FF-45D87BC44231}.Release|Any CPU.ActiveCfg = Release|Any CPU
		{662C77E6-DA03-4E74-B8FF-45D87BC44231}.Release|Any CPU.Build.0 = Release|Any CPU
		{5681F3AD-1D38-446E-B410-6680E0F97A25}.Debug|Any CPU.ActiveCfg = Debug|Any CPU
		{5681F3AD-1D38-446E-B410-6680E0F97A25}.Debug|Any CPU.Build.0 = Debug|Any CPU
		{5681F3AD-1D38-446E-B410-6680E0F97A25}.Release|Any CPU.ActiveCfg = Release|Any CPU
		{5681F3AD-1D38-446E-B410-6680E0F97A25}.Release|Any CPU.Build.0 = Release|Any CPU
		{3331CF50-0128-4492-B4F2-0130AA2D52B1}.Debug|Any CPU.ActiveCfg = Debug|Any CPU
		{3331CF50-0128-4492-B4F2-0130AA2D52B1}.Debug|Any CPU.Build.0 = Debug|Any CPU
		{3331CF50-0128-4492-B4F2-0130AA2D52B1}.Release|Any CPU.ActiveCfg = Release|Any CPU
		{3331CF50-0128-4492-B4F2-0130AA2D52B1}.Release|Any CPU.Build.0 = Release|Any CPU
		{B01C7506-266D-4F11-AFA9-CA197CE4DF3B}.Debug|Any CPU.ActiveCfg = Debug|Any CPU
		{B01C7506-266D-4F11-AFA9-CA197CE4DF3B}.Debug|Any CPU.Build.0 = Debug|Any CPU
		{B01C7506-266D-4F11-AFA9-CA197CE4DF3B}.Release|Any CPU.ActiveCfg = Release|Any CPU
		{B01C7506-266D-4F11-AFA9-CA197CE4DF3B}.Release|Any CPU.Build.0 = Release|Any CPU
		{02181281-7215-46CD-AB62-3BFA80626DEB}.Debug|Any CPU.ActiveCfg = Debug|Any CPU
		{02181281-7215-46CD-AB62-3BFA80626DEB}.Debug|Any CPU.Build.0 = Debug|Any CPU
		{02181281-7215-46CD-AB62-3BFA80626DEB}.Release|Any CPU.ActiveCfg = Release|Any CPU
		{02181281-7215-46CD-AB62-3BFA80626DEB}.Release|Any CPU.Build.0 = Release|Any CPU
		{8B5744E9-99EC-400A-8563-736D03BCFCF5}.Debug|Any CPU.ActiveCfg = Debug|Any CPU
		{8B5744E9-99EC-400A-8563-736D03BCFCF5}.Debug|Any CPU.Build.0 = Debug|Any CPU
		{8B5744E9-99EC-400A-8563-736D03BCFCF5}.Release|Any CPU.ActiveCfg = Release|Any CPU
		{8B5744E9-99EC-400A-8563-736D03BCFCF5}.Release|Any CPU.Build.0 = Release|Any CPU
		{1F73C2C8-0D95-405F-BA2E-9FC1B885CB52}.Debug|Any CPU.ActiveCfg = Debug|Any CPU
		{1F73C2C8-0D95-405F-BA2E-9FC1B885CB52}.Debug|Any CPU.Build.0 = Debug|Any CPU
		{1F73C2C8-0D95-405F-BA2E-9FC1B885CB52}.Release|Any CPU.ActiveCfg = Release|Any CPU
		{1F73C2C8-0D95-405F-BA2E-9FC1B885CB52}.Release|Any CPU.Build.0 = Release|Any CPU
		{0A644A2A-19B4-42B4-A071-4A7AE5BEEA4D}.Debug|Any CPU.ActiveCfg = Debug|Any CPU
		{0A644A2A-19B4-42B4-A071-4A7AE5BEEA4D}.Debug|Any CPU.Build.0 = Debug|Any CPU
		{0A644A2A-19B4-42B4-A071-4A7AE5BEEA4D}.Release|Any CPU.ActiveCfg = Release|Any CPU
		{0A644A2A-19B4-42B4-A071-4A7AE5BEEA4D}.Release|Any CPU.Build.0 = Release|Any CPU
		{C0CF70B7-7B95-4EDC-B68C-F8C149FC762E}.Debug|Any CPU.ActiveCfg = Debug|Any CPU
		{C0CF70B7-7B95-4EDC-B68C-F8C149FC762E}.Debug|Any CPU.Build.0 = Debug|Any CPU
		{C0CF70B7-7B95-4EDC-B68C-F8C149FC762E}.Release|Any CPU.ActiveCfg = Release|Any CPU
		{C0CF70B7-7B95-4EDC-B68C-F8C149FC762E}.Release|Any CPU.Build.0 = Release|Any CPU
		{0C9F3F51-005A-4B4E-8544-3F9C56D1DD32}.Debug|Any CPU.ActiveCfg = Debug|Any CPU
		{0C9F3F51-005A-4B4E-8544-3F9C56D1DD32}.Debug|Any CPU.Build.0 = Debug|Any CPU
		{0C9F3F51-005A-4B4E-8544-3F9C56D1DD32}.Release|Any CPU.ActiveCfg = Release|Any CPU
		{0C9F3F51-005A-4B4E-8544-3F9C56D1DD32}.Release|Any CPU.Build.0 = Release|Any CPU
		{4A8AF835-29B5-48F4-A359-6C62A10ACDAF}.Debug|Any CPU.ActiveCfg = Debug|Any CPU
		{4A8AF835-29B5-48F4-A359-6C62A10ACDAF}.Debug|Any CPU.Build.0 = Debug|Any CPU
		{4A8AF835-29B5-48F4-A359-6C62A10ACDAF}.Release|Any CPU.ActiveCfg = Release|Any CPU
		{4A8AF835-29B5-48F4-A359-6C62A10ACDAF}.Release|Any CPU.Build.0 = Release|Any CPU
		{4A8A9835-29B5-48F4-A359-6C62A10ACDAA}.Debug|Any CPU.ActiveCfg = Debug|Any CPU
		{4A8A9835-29B5-48F4-A359-6C62A10ACDAA}.Debug|Any CPU.Build.0 = Debug|Any CPU
		{4A8A9835-29B5-48F4-A359-6C62A10ACDAA}.Release|Any CPU.ActiveCfg = Release|Any CPU
		{4A8A9835-29B5-48F4-A359-6C62A10ACDAA}.Release|Any CPU.Build.0 = Release|Any CPU
		{8A1EEF2D-7BDE-4FE1-9177-B9A47F06E961}.Debug|Any CPU.ActiveCfg = Debug|Any CPU
		{8A1EEF2D-7BDE-4FE1-9177-B9A47F06E961}.Debug|Any CPU.Build.0 = Debug|Any CPU
		{8A1EEF2D-7BDE-4FE1-9177-B9A47F06E961}.Release|Any CPU.ActiveCfg = Release|Any CPU
		{8A1EEF2D-7BDE-4FE1-9177-B9A47F06E961}.Release|Any CPU.Build.0 = Release|Any CPU
		{72909784-A3AF-4C51-A276-7F26B1E763F1}.Debug|Any CPU.ActiveCfg = Debug|Any CPU
		{72909784-A3AF-4C51-A276-7F26B1E763F1}.Debug|Any CPU.Build.0 = Debug|Any CPU
		{72909784-A3AF-4C51-A276-7F26B1E763F1}.Release|Any CPU.ActiveCfg = Release|Any CPU
		{72909784-A3AF-4C51-A276-7F26B1E763F1}.Release|Any CPU.Build.0 = Release|Any CPU
		{2C3C1E85-67C8-498F-9709-FDF695F375CA}.Debug|Any CPU.ActiveCfg = Debug|Any CPU
		{2C3C1E85-67C8-498F-9709-FDF695F375CA}.Debug|Any CPU.Build.0 = Debug|Any CPU
		{2C3C1E85-67C8-498F-9709-FDF695F375CA}.Release|Any CPU.ActiveCfg = Release|Any CPU
		{2C3C1E85-67C8-498F-9709-FDF695F375CA}.Release|Any CPU.Build.0 = Release|Any CPU
		{434E30AC-38B4-451A-8474-42C51D170A17}.Debug|Any CPU.ActiveCfg = Debug|Any CPU
		{434E30AC-38B4-451A-8474-42C51D170A17}.Debug|Any CPU.Build.0 = Debug|Any CPU
		{434E30AC-38B4-451A-8474-42C51D170A17}.Release|Any CPU.ActiveCfg = Release|Any CPU
		{434E30AC-38B4-451A-8474-42C51D170A17}.Release|Any CPU.Build.0 = Release|Any CPU
		{FF74BC6B-EC1A-407C-A7FA-EB7A042779CC}.Debug|Any CPU.ActiveCfg = Debug|Any CPU
		{FF74BC6B-EC1A-407C-A7FA-EB7A042779CC}.Debug|Any CPU.Build.0 = Debug|Any CPU
		{FF74BC6B-EC1A-407C-A7FA-EB7A042779CC}.Release|Any CPU.ActiveCfg = Release|Any CPU
		{FF74BC6B-EC1A-407C-A7FA-EB7A042779CC}.Release|Any CPU.Build.0 = Release|Any CPU
		{1D6C4265-E6CC-4045-B5BF-D4D57D496642}.Debug|Any CPU.ActiveCfg = Debug|Any CPU
		{1D6C4265-E6CC-4045-B5BF-D4D57D496642}.Debug|Any CPU.Build.0 = Debug|Any CPU
		{1D6C4265-E6CC-4045-B5BF-D4D57D496642}.Release|Any CPU.ActiveCfg = Release|Any CPU
		{1D6C4265-E6CC-4045-B5BF-D4D57D496642}.Release|Any CPU.Build.0 = Release|Any CPU
		{7B0FBCE6-7BB7-440A-80E9-7BF515D64815}.Debug|Any CPU.ActiveCfg = Debug|Any CPU
		{7B0FBCE6-7BB7-440A-80E9-7BF515D64815}.Debug|Any CPU.Build.0 = Debug|Any CPU
		{7B0FBCE6-7BB7-440A-80E9-7BF515D64815}.Release|Any CPU.ActiveCfg = Release|Any CPU
		{7B0FBCE6-7BB7-440A-80E9-7BF515D64815}.Release|Any CPU.Build.0 = Release|Any CPU
	EndGlobalSection
	GlobalSection(SolutionProperties) = preSolution
		HideSolutionNode = FALSE
	EndGlobalSection
	GlobalSection(NestedProjects) = preSolution
		{A8CF036C-804D-48A7-AB81-1531F35AE2E9} = {48D02115-1F2C-448E-A627-530D2BDB41C5}
		{E73096D7-7ED0-41C1-B220-7B3E7A61AB8A} = {48D02115-1F2C-448E-A627-530D2BDB41C5}
		{8CCD0DB0-35B0-4446-A15A-0648F5FB2CC0} = {48D02115-1F2C-448E-A627-530D2BDB41C5}
		{9D8D8375-FEAF-409E-B2D7-2BF61D0622CB} = {48D02115-1F2C-448E-A627-530D2BDB41C5}
		{0F09C82D-7B15-48D9-AA6F-1B927329D14A} = {48D02115-1F2C-448E-A627-530D2BDB41C5}
		{840F0917-7485-41F2-8E9B-3D94E1F4F4FA} = {999B9C66-8E41-4B6F-9CC2-1B934EFB0B4C}
		{C307F12E-7432-491D-8BBC-EC1C3BBB8490} = {999B9C66-8E41-4B6F-9CC2-1B934EFB0B4C}
		{3274BC6B-EC1A-407C-A7FA-EB7A042779CC} = {999B9C66-8E41-4B6F-9CC2-1B934EFB0B4C}
		{3610B0B2-B18D-43F4-ADD1-200213F1A3C0} = {999B9C66-8E41-4B6F-9CC2-1B934EFB0B4C}
		{662C77E6-DA03-4E74-B8FF-45D87BC44231} = {4E25984C-6510-4EEE-BC79-BCEB49ED4B62}
		{5681F3AD-1D38-446E-B410-6680E0F97A25} = {4E25984C-6510-4EEE-BC79-BCEB49ED4B62}
		{3331CF50-0128-4492-B4F2-0130AA2D52B1} = {3826D09E-A4D8-4056-A2FA-2741B5286328}
		{B01C7506-266D-4F11-AFA9-CA197CE4DF3B} = {3826D09E-A4D8-4056-A2FA-2741B5286328}
		{02181281-7215-46CD-AB62-3BFA80626DEB} = {3826D09E-A4D8-4056-A2FA-2741B5286328}
		{8B5744E9-99EC-400A-8563-736D03BCFCF5} = {4E25984C-6510-4EEE-BC79-BCEB49ED4B62}
		{1F73C2C8-0D95-405F-BA2E-9FC1B885CB52} = {077A1570-5953-42F7-A2AA-F64835507C6F}
		{0A644A2A-19B4-42B4-A071-4A7AE5BEEA4D} = {077A1570-5953-42F7-A2AA-F64835507C6F}
		{C0CF70B7-7B95-4EDC-B68C-F8C149FC762E} = {4BD3F53D-7C09-4517-B877-8EDE6FDDE394}
		{0C9F3F51-005A-4B4E-8544-3F9C56D1DD32} = {4BD3F53D-7C09-4517-B877-8EDE6FDDE394}
		{4A8AF835-29B5-48F4-A359-6C62A10ACDAF} = {4BD3F53D-7C09-4517-B877-8EDE6FDDE394}
		{4A8A9835-29B5-48F4-A359-6C62A10ACDAA} = {A512DDCF-C17E-46B9-9FEF-9D51947E43DE}
		{3826D09E-A4D8-4056-A2FA-2741B5286328} = {A512DDCF-C17E-46B9-9FEF-9D51947E43DE}
		{4E25984C-6510-4EEE-BC79-BCEB49ED4B62} = {A512DDCF-C17E-46B9-9FEF-9D51947E43DE}
		{077A1570-5953-42F7-A2AA-F64835507C6F} = {4BD3F53D-7C09-4517-B877-8EDE6FDDE394}
		{8A1EEF2D-7BDE-4FE1-9177-B9A47F06E961} = {48D02115-1F2C-448E-A627-530D2BDB41C5}
		{72909784-A3AF-4C51-A276-7F26B1E763F1} = {B730616C-EFB1-40D0-9E0E-BDABEACAFA40}
		{2C3C1E85-67C8-498F-9709-FDF695F375CA} = {B730616C-EFB1-40D0-9E0E-BDABEACAFA40}
		{434E30AC-38B4-451A-8474-42C51D170A17} = {B730616C-EFB1-40D0-9E0E-BDABEACAFA40}
		{FF74BC6B-EC1A-407C-A7FA-EB7A042779CC} = {B730616C-EFB1-40D0-9E0E-BDABEACAFA40}
		{1D6C4265-E6CC-4045-B5BF-D4D57D496642} = {B730616C-EFB1-40D0-9E0E-BDABEACAFA40}
		{7B0FBCE6-7BB7-440A-80E9-7BF515D64815} = {B730616C-EFB1-40D0-9E0E-BDABEACAFA40}
	EndGlobalSection
	GlobalSection(ExtensibilityGlobals) = postSolution
		SolutionGuid = {C2271855-C5A5-4C2E-83E7-F2B54FA1DADD}
	EndGlobalSection
EndGlobal
